// !$*UTF8*$!
{
	archiveVersion = 1;
	classes = {
	};
	objectVersion = 46;
	objects = {

/* Begin PBXBuildFile section */
		1D0611E51DC4748000720E82 /* AppDelegate.swift in Sources */ = {isa = PBXBuildFile; fileRef = 1D0611E41DC4748000720E82 /* AppDelegate.swift */; };
		1D0611EA1DC4748000720E82 /* Main.storyboard in Resources */ = {isa = PBXBuildFile; fileRef = 1D0611E81DC4748000720E82 /* Main.storyboard */; };
		1D0611EC1DC4748000720E82 /* Assets.xcassets in Resources */ = {isa = PBXBuildFile; fileRef = 1D0611EB1DC4748000720E82 /* Assets.xcassets */; };
		1D0611EF1DC4748000720E82 /* LaunchScreen.storyboard in Resources */ = {isa = PBXBuildFile; fileRef = 1D0611ED1DC4748000720E82 /* LaunchScreen.storyboard */; };
		1D0611F71DC4781400720E82 /* GoogleService-Info.plist in Resources */ = {isa = PBXBuildFile; fileRef = 1D0611F61DC4781400720E82 /* GoogleService-Info.plist */; };
		1D0611F91DC47ED700720E82 /* AppState.swift in Sources */ = {isa = PBXBuildFile; fileRef = 1D0611F81DC47ED700720E82 /* AppState.swift */; };
		1D0611FB1DC47EE900720E82 /* Constants.swift in Sources */ = {isa = PBXBuildFile; fileRef = 1D0611FA1DC47EE900720E82 /* Constants.swift */; };
		1D0611FF1DC491F300720E82 /* SignInViewController.swift in Sources */ = {isa = PBXBuildFile; fileRef = 1D0611FE1DC491F300720E82 /* SignInViewController.swift */; };
		1D0612011DC4A18100720E82 /* MessageViewController.swift in Sources */ = {isa = PBXBuildFile; fileRef = 1D0612001DC4A18100720E82 /* MessageViewController.swift */; };
		1D5B5C4F1DF431C3003C0D07 /* MessageTableViewCell.swift in Sources */ = {isa = PBXBuildFile; fileRef = 1D5B5C4E1DF431C3003C0D07 /* MessageTableViewCell.swift */; };
		1D6D1ACB1DC9F2B200375810 /* GeoFire.m in Sources */ = {isa = PBXBuildFile; fileRef = 1D6D1AC21DC9F2B200375810 /* GeoFire.m */; };
		1D6D1ACC1DC9F2B200375810 /* GFBase32Utils.m in Sources */ = {isa = PBXBuildFile; fileRef = 1D6D1AC41DC9F2B200375810 /* GFBase32Utils.m */; };
		1D6D1ACD1DC9F2B200375810 /* GFGeoHash.m in Sources */ = {isa = PBXBuildFile; fileRef = 1D6D1AC61DC9F2B200375810 /* GFGeoHash.m */; };
		1D6D1ACE1DC9F2B200375810 /* GFGeoHashQuery.m in Sources */ = {isa = PBXBuildFile; fileRef = 1D6D1AC81DC9F2B200375810 /* GFGeoHashQuery.m */; };
		1D6D1ACF1DC9F2B200375810 /* GFQuery.m in Sources */ = {isa = PBXBuildFile; fileRef = 1D6D1ACA1DC9F2B200375810 /* GFQuery.m */; };
		1D817B8B1DDFBC9E00309161 /* ChatViewController.swift in Sources */ = {isa = PBXBuildFile; fileRef = 1D817B8A1DDFBC9E00309161 /* ChatViewController.swift */; };
		1D87E1231DD472F8003E819B /* UserProfileViewController.swift in Sources */ = {isa = PBXBuildFile; fileRef = 1D87E1221DD472F8003E819B /* UserProfileViewController.swift */; };
		1DB5DA4C1DCD4CB600842664 /* CoreLocation.framework in Frameworks */ = {isa = PBXBuildFile; fileRef = 1DB5DA4B1DCD4CB600842664 /* CoreLocation.framework */; };
		1DBF386A1DD0822D00E5406A /* SignUpViewController.swift in Sources */ = {isa = PBXBuildFile; fileRef = 1DBF38691DD0822D00E5406A /* SignUpViewController.swift */; };
		1DC1655E1DF1852F00E357F6 /* Chat.swift in Sources */ = {isa = PBXBuildFile; fileRef = 1DC1655C1DF1852F00E357F6 /* Chat.swift */; };
		1DC1655F1DF1852F00E357F6 /* Chat+CoreDataProperties.swift in Sources */ = {isa = PBXBuildFile; fileRef = 1DC1655D1DF1852F00E357F6 /* Chat+CoreDataProperties.swift */; };
		1DC1656E1DF1953D00E357F6 /* Settings.swift in Sources */ = {isa = PBXBuildFile; fileRef = 1DC1656C1DF1953D00E357F6 /* Settings.swift */; };
		1DC1656F1DF1953D00E357F6 /* Settings+CoreDataProperties.swift in Sources */ = {isa = PBXBuildFile; fileRef = 1DC1656D1DF1953D00E357F6 /* Settings+CoreDataProperties.swift */; };
		1DC9AB711DE8E93F000EFA3A /* Model.xcdatamodeld in Sources */ = {isa = PBXBuildFile; fileRef = 1DC9AB6F1DE8E93F000EFA3A /* Model.xcdatamodeld */; };
		1DC9AB7B1DE8F723000EFA3A /* CoreDataStack.swift in Sources */ = {isa = PBXBuildFile; fileRef = 1DC9AB7A1DE8F723000EFA3A /* CoreDataStack.swift */; };
		1DC9AB851DE90273000EFA3A /* CoreDataTableViewController.swift in Sources */ = {isa = PBXBuildFile; fileRef = 1DC9AB841DE90273000EFA3A /* CoreDataTableViewController.swift */; };
		1DC9AB921DE93CF2000EFA3A /* Message.swift in Sources */ = {isa = PBXBuildFile; fileRef = 1DC9AB8E1DE93CF2000EFA3A /* Message.swift */; };
		1DC9AB931DE93CF2000EFA3A /* Message+CoreDataProperties.swift in Sources */ = {isa = PBXBuildFile; fileRef = 1DC9AB8F1DE93CF2000EFA3A /* Message+CoreDataProperties.swift */; };
		1DCAF84A1DE2F1EA00F844E3 /* ChatTableViewCell.swift in Sources */ = {isa = PBXBuildFile; fileRef = 1DCAF8491DE2F1EA00F844E3 /* ChatTableViewCell.swift */; };
		1DD009071DD1B2DC0035B928 /* UsersCollectionViewController.swift in Sources */ = {isa = PBXBuildFile; fileRef = 1DD009061DD1B2DC0035B928 /* UsersCollectionViewController.swift */; };
		1DD009091DD1C54D0035B928 /* UsersCollectionViewCell.swift in Sources */ = {isa = PBXBuildFile; fileRef = 1DD009081DD1C54D0035B928 /* UsersCollectionViewCell.swift */; };
		1DD0090C1DD1C8230035B928 /* SettingViewController.swift in Sources */ = {isa = PBXBuildFile; fileRef = 1DD0090B1DD1C8230035B928 /* SettingViewController.swift */; };
		A140FD5FDF139BC37D5AF180 /* Pods_StanByMe.framework in Frameworks */ = {isa = PBXBuildFile; fileRef = 22D49F28285E9AFAD3062020 /* Pods_StanByMe.framework */; };
/* End PBXBuildFile section */

/* Begin PBXFileReference section */
		027821B985831093DDBDCC6A /* Pods-StanByMe.debug.xcconfig */ = {isa = PBXFileReference; includeInIndex = 1; lastKnownFileType = text.xcconfig; name = "Pods-StanByMe.debug.xcconfig"; path = "Pods/Target Support Files/Pods-StanByMe/Pods-StanByMe.debug.xcconfig"; sourceTree = "<group>"; };
		1D0611E11DC4748000720E82 /* StanByMe.app */ = {isa = PBXFileReference; explicitFileType = wrapper.application; includeInIndex = 0; path = StanByMe.app; sourceTree = BUILT_PRODUCTS_DIR; };
		1D0611E41DC4748000720E82 /* AppDelegate.swift */ = {isa = PBXFileReference; lastKnownFileType = sourcecode.swift; path = AppDelegate.swift; sourceTree = "<group>"; };
		1D0611E91DC4748000720E82 /* Base */ = {isa = PBXFileReference; lastKnownFileType = file.storyboard; name = Base; path = Base.lproj/Main.storyboard; sourceTree = "<group>"; };
		1D0611EB1DC4748000720E82 /* Assets.xcassets */ = {isa = PBXFileReference; lastKnownFileType = folder.assetcatalog; path = Assets.xcassets; sourceTree = "<group>"; };
		1D0611EE1DC4748000720E82 /* Base */ = {isa = PBXFileReference; lastKnownFileType = file.storyboard; name = Base; path = Base.lproj/LaunchScreen.storyboard; sourceTree = "<group>"; };
		1D0611F01DC4748000720E82 /* Info.plist */ = {isa = PBXFileReference; lastKnownFileType = text.plist.xml; path = Info.plist; sourceTree = "<group>"; };
		1D0611F61DC4781400720E82 /* GoogleService-Info.plist */ = {isa = PBXFileReference; fileEncoding = 4; lastKnownFileType = text.plist.xml; path = "GoogleService-Info.plist"; sourceTree = "<group>"; };
		1D0611F81DC47ED700720E82 /* AppState.swift */ = {isa = PBXFileReference; fileEncoding = 4; lastKnownFileType = sourcecode.swift; path = AppState.swift; sourceTree = "<group>"; };
		1D0611FA1DC47EE900720E82 /* Constants.swift */ = {isa = PBXFileReference; fileEncoding = 4; lastKnownFileType = sourcecode.swift; path = Constants.swift; sourceTree = "<group>"; };
		1D0611FE1DC491F300720E82 /* SignInViewController.swift */ = {isa = PBXFileReference; fileEncoding = 4; lastKnownFileType = sourcecode.swift; path = SignInViewController.swift; sourceTree = "<group>"; };
		1D0612001DC4A18100720E82 /* MessageViewController.swift */ = {isa = PBXFileReference; fileEncoding = 4; lastKnownFileType = sourcecode.swift; path = MessageViewController.swift; sourceTree = "<group>"; };
		1D5B5C4E1DF431C3003C0D07 /* MessageTableViewCell.swift */ = {isa = PBXFileReference; fileEncoding = 4; lastKnownFileType = sourcecode.swift; path = MessageTableViewCell.swift; sourceTree = "<group>"; };
		1D6D1A041DC9E7BD00375810 /* StanByMe-Bridging-Header.h */ = {isa = PBXFileReference; lastKnownFileType = sourcecode.c.h; path = "StanByMe-Bridging-Header.h"; sourceTree = "<group>"; };
		1D6D1ABB1DC9F2B200375810 /* GeoFire.h */ = {isa = PBXFileReference; fileEncoding = 4; lastKnownFileType = sourcecode.c.h; path = GeoFire.h; sourceTree = "<group>"; };
		1D6D1ABC1DC9F2B200375810 /* GFCircleQuery.h */ = {isa = PBXFileReference; fileEncoding = 4; lastKnownFileType = sourcecode.c.h; path = GFCircleQuery.h; sourceTree = "<group>"; };
		1D6D1ABD1DC9F2B200375810 /* GFQuery.h */ = {isa = PBXFileReference; fileEncoding = 4; lastKnownFileType = sourcecode.c.h; path = GFQuery.h; sourceTree = "<group>"; };
		1D6D1ABE1DC9F2B200375810 /* GFRegionQuery.h */ = {isa = PBXFileReference; fileEncoding = 4; lastKnownFileType = sourcecode.c.h; path = GFRegionQuery.h; sourceTree = "<group>"; };
		1D6D1ABF1DC9F2B200375810 /* GeoFire-Prefix.pch */ = {isa = PBXFileReference; fileEncoding = 4; lastKnownFileType = sourcecode.c.h; path = "GeoFire-Prefix.pch"; sourceTree = "<group>"; };
		1D6D1AC11DC9F2B200375810 /* GeoFire+Private.h */ = {isa = PBXFileReference; fileEncoding = 4; lastKnownFileType = sourcecode.c.h; path = "GeoFire+Private.h"; sourceTree = "<group>"; };
		1D6D1AC21DC9F2B200375810 /* GeoFire.m */ = {isa = PBXFileReference; fileEncoding = 4; lastKnownFileType = sourcecode.c.objc; path = GeoFire.m; sourceTree = "<group>"; };
		1D6D1AC31DC9F2B200375810 /* GFBase32Utils.h */ = {isa = PBXFileReference; fileEncoding = 4; lastKnownFileType = sourcecode.c.h; path = GFBase32Utils.h; sourceTree = "<group>"; };
		1D6D1AC41DC9F2B200375810 /* GFBase32Utils.m */ = {isa = PBXFileReference; fileEncoding = 4; lastKnownFileType = sourcecode.c.objc; path = GFBase32Utils.m; sourceTree = "<group>"; };
		1D6D1AC51DC9F2B200375810 /* GFGeoHash.h */ = {isa = PBXFileReference; fileEncoding = 4; lastKnownFileType = sourcecode.c.h; path = GFGeoHash.h; sourceTree = "<group>"; };
		1D6D1AC61DC9F2B200375810 /* GFGeoHash.m */ = {isa = PBXFileReference; fileEncoding = 4; lastKnownFileType = sourcecode.c.objc; path = GFGeoHash.m; sourceTree = "<group>"; };
		1D6D1AC71DC9F2B200375810 /* GFGeoHashQuery.h */ = {isa = PBXFileReference; fileEncoding = 4; lastKnownFileType = sourcecode.c.h; path = GFGeoHashQuery.h; sourceTree = "<group>"; };
		1D6D1AC81DC9F2B200375810 /* GFGeoHashQuery.m */ = {isa = PBXFileReference; fileEncoding = 4; lastKnownFileType = sourcecode.c.objc; path = GFGeoHashQuery.m; sourceTree = "<group>"; };
		1D6D1AC91DC9F2B200375810 /* GFQuery+Private.h */ = {isa = PBXFileReference; fileEncoding = 4; lastKnownFileType = sourcecode.c.h; path = "GFQuery+Private.h"; sourceTree = "<group>"; };
		1D6D1ACA1DC9F2B200375810 /* GFQuery.m */ = {isa = PBXFileReference; fileEncoding = 4; lastKnownFileType = sourcecode.c.objc; path = GFQuery.m; sourceTree = "<group>"; };
		1D817B8A1DDFBC9E00309161 /* ChatViewController.swift */ = {isa = PBXFileReference; fileEncoding = 4; lastKnownFileType = sourcecode.swift; path = ChatViewController.swift; sourceTree = "<group>"; };
		1D87E1221DD472F8003E819B /* UserProfileViewController.swift */ = {isa = PBXFileReference; fileEncoding = 4; lastKnownFileType = sourcecode.swift; path = UserProfileViewController.swift; sourceTree = "<group>"; };
		1DB5DA4B1DCD4CB600842664 /* CoreLocation.framework */ = {isa = PBXFileReference; lastKnownFileType = wrapper.framework; name = CoreLocation.framework; path = System/Library/Frameworks/CoreLocation.framework; sourceTree = SDKROOT; };
		1DBF38691DD0822D00E5406A /* SignUpViewController.swift */ = {isa = PBXFileReference; fileEncoding = 4; lastKnownFileType = sourcecode.swift; path = SignUpViewController.swift; sourceTree = "<group>"; };
		1DC1655C1DF1852F00E357F6 /* Chat.swift */ = {isa = PBXFileReference; fileEncoding = 4; lastKnownFileType = sourcecode.swift; name = Chat.swift; path = CoreData/Chat.swift; sourceTree = "<group>"; };
		1DC1655D1DF1852F00E357F6 /* Chat+CoreDataProperties.swift */ = {isa = PBXFileReference; fileEncoding = 4; lastKnownFileType = sourcecode.swift; name = "Chat+CoreDataProperties.swift"; path = "CoreData/Chat+CoreDataProperties.swift"; sourceTree = "<group>"; };
		1DC1656C1DF1953D00E357F6 /* Settings.swift */ = {isa = PBXFileReference; fileEncoding = 4; lastKnownFileType = sourcecode.swift; name = Settings.swift; path = CoreData/Settings.swift; sourceTree = "<group>"; };
		1DC1656D1DF1953D00E357F6 /* Settings+CoreDataProperties.swift */ = {isa = PBXFileReference; fileEncoding = 4; lastKnownFileType = sourcecode.swift; name = "Settings+CoreDataProperties.swift"; path = "CoreData/Settings+CoreDataProperties.swift"; sourceTree = "<group>"; };
		1DC9AB701DE8E93F000EFA3A /* Model.xcdatamodel */ = {isa = PBXFileReference; lastKnownFileType = wrapper.xcdatamodel; path = Model.xcdatamodel; sourceTree = "<group>"; };
		1DC9AB7A1DE8F723000EFA3A /* CoreDataStack.swift */ = {isa = PBXFileReference; fileEncoding = 4; lastKnownFileType = sourcecode.swift; path = CoreDataStack.swift; sourceTree = "<group>"; };
		1DC9AB841DE90273000EFA3A /* CoreDataTableViewController.swift */ = {isa = PBXFileReference; fileEncoding = 4; lastKnownFileType = sourcecode.swift; path = CoreDataTableViewController.swift; sourceTree = "<group>"; };
		1DC9AB8E1DE93CF2000EFA3A /* Message.swift */ = {isa = PBXFileReference; fileEncoding = 4; lastKnownFileType = sourcecode.swift; name = Message.swift; path = /Users/stanmation/Documents/XcodeProjects/StanByMe/StanByMe/CoreData/Message.swift; sourceTree = "<absolute>"; };
		1DC9AB8F1DE93CF2000EFA3A /* Message+CoreDataProperties.swift */ = {isa = PBXFileReference; fileEncoding = 4; lastKnownFileType = sourcecode.swift; name = "Message+CoreDataProperties.swift"; path = "CoreData/Message+CoreDataProperties.swift"; sourceTree = "<group>"; };
		1DCAF8491DE2F1EA00F844E3 /* ChatTableViewCell.swift */ = {isa = PBXFileReference; fileEncoding = 4; lastKnownFileType = sourcecode.swift; path = ChatTableViewCell.swift; sourceTree = "<group>"; };
		1DD009061DD1B2DC0035B928 /* UsersCollectionViewController.swift */ = {isa = PBXFileReference; fileEncoding = 4; lastKnownFileType = sourcecode.swift; path = UsersCollectionViewController.swift; sourceTree = "<group>"; };
		1DD009081DD1C54D0035B928 /* UsersCollectionViewCell.swift */ = {isa = PBXFileReference; fileEncoding = 4; lastKnownFileType = sourcecode.swift; path = UsersCollectionViewCell.swift; sourceTree = "<group>"; };
		1DD0090B1DD1C8230035B928 /* SettingViewController.swift */ = {isa = PBXFileReference; fileEncoding = 4; lastKnownFileType = sourcecode.swift; path = SettingViewController.swift; sourceTree = "<group>"; };
		22D49F28285E9AFAD3062020 /* Pods_StanByMe.framework */ = {isa = PBXFileReference; explicitFileType = wrapper.framework; includeInIndex = 0; path = Pods_StanByMe.framework; sourceTree = BUILT_PRODUCTS_DIR; };
		EE3425D57ADB101131646143 /* Pods-StanByMe.release.xcconfig */ = {isa = PBXFileReference; includeInIndex = 1; lastKnownFileType = text.xcconfig; name = "Pods-StanByMe.release.xcconfig"; path = "Pods/Target Support Files/Pods-StanByMe/Pods-StanByMe.release.xcconfig"; sourceTree = "<group>"; };
/* End PBXFileReference section */

/* Begin PBXFrameworksBuildPhase section */
		1D0611DE1DC4748000720E82 /* Frameworks */ = {
			isa = PBXFrameworksBuildPhase;
			buildActionMask = 2147483647;
			files = (
				1DB5DA4C1DCD4CB600842664 /* CoreLocation.framework in Frameworks */,
				A140FD5FDF139BC37D5AF180 /* Pods_StanByMe.framework in Frameworks */,
			);
			runOnlyForDeploymentPostprocessing = 0;
		};
/* End PBXFrameworksBuildPhase section */

/* Begin PBXGroup section */
		1D0611D81DC4748000720E82 = {
			isa = PBXGroup;
			children = (
				1D0611E31DC4748000720E82 /* StanByMe */,
				1D0611E21DC4748000720E82 /* Products */,
				AF8F732DCE2BDF4A6EA1A72D /* Pods */,
				77F8BA837A60897DFB9A91B0 /* Frameworks */,
			);
			sourceTree = "<group>";
		};
		1D0611E21DC4748000720E82 /* Products */ = {
			isa = PBXGroup;
			children = (
				1D0611E11DC4748000720E82 /* StanByMe.app */,
			);
			name = Products;
			sourceTree = "<group>";
		};
		1D0611E31DC4748000720E82 /* StanByMe */ = {
			isa = PBXGroup;
			children = (
				1DC9AB6C1DE8E882000EFA3A /* Models */,
				1DD0090A1DD1C7CA0035B928 /* ViewControllers */,
				1D6D1AB91DC9F2B200375810 /* GeoFire */,
				1D0611FA1DC47EE900720E82 /* Constants.swift */,
				1D0611F81DC47ED700720E82 /* AppState.swift */,
				1D0611F61DC4781400720E82 /* GoogleService-Info.plist */,
				1D0611E41DC4748000720E82 /* AppDelegate.swift */,
				1D0611E81DC4748000720E82 /* Main.storyboard */,
				1D0611EB1DC4748000720E82 /* Assets.xcassets */,
				1D0611ED1DC4748000720E82 /* LaunchScreen.storyboard */,
				1D0611F01DC4748000720E82 /* Info.plist */,
				1D6D1A041DC9E7BD00375810 /* StanByMe-Bridging-Header.h */,
			);
			path = StanByMe;
			sourceTree = "<group>";
		};
		1D6D1AB91DC9F2B200375810 /* GeoFire */ = {
			isa = PBXGroup;
			children = (
				1D6D1ABA1DC9F2B200375810 /* API */,
				1D6D1ABF1DC9F2B200375810 /* GeoFire-Prefix.pch */,
				1D6D1AC01DC9F2B200375810 /* Implementation */,
			);
			path = GeoFire;
			sourceTree = "<group>";
		};
		1D6D1ABA1DC9F2B200375810 /* API */ = {
			isa = PBXGroup;
			children = (
				1D6D1ABB1DC9F2B200375810 /* GeoFire.h */,
				1D6D1ABC1DC9F2B200375810 /* GFCircleQuery.h */,
				1D6D1ABD1DC9F2B200375810 /* GFQuery.h */,
				1D6D1ABE1DC9F2B200375810 /* GFRegionQuery.h */,
			);
			path = API;
			sourceTree = "<group>";
		};
		1D6D1AC01DC9F2B200375810 /* Implementation */ = {
			isa = PBXGroup;
			children = (
				1D6D1AC11DC9F2B200375810 /* GeoFire+Private.h */,
				1D6D1AC21DC9F2B200375810 /* GeoFire.m */,
				1D6D1AC31DC9F2B200375810 /* GFBase32Utils.h */,
				1D6D1AC41DC9F2B200375810 /* GFBase32Utils.m */,
				1D6D1AC51DC9F2B200375810 /* GFGeoHash.h */,
				1D6D1AC61DC9F2B200375810 /* GFGeoHash.m */,
				1D6D1AC71DC9F2B200375810 /* GFGeoHashQuery.h */,
				1D6D1AC81DC9F2B200375810 /* GFGeoHashQuery.m */,
				1D6D1AC91DC9F2B200375810 /* GFQuery+Private.h */,
				1D6D1ACA1DC9F2B200375810 /* GFQuery.m */,
			);
			path = Implementation;
			sourceTree = "<group>";
		};
		1DC9AB6C1DE8E882000EFA3A /* Models */ = {
			isa = PBXGroup;
			children = (
				1DC1656D1DF1953D00E357F6 /* Settings+CoreDataProperties.swift */,
				1DC1655C1DF1852F00E357F6 /* Chat.swift */,
				1DC1655D1DF1852F00E357F6 /* Chat+CoreDataProperties.swift */,
				1DC9AB8E1DE93CF2000EFA3A /* Message.swift */,
				1DC9AB8F1DE93CF2000EFA3A /* Message+CoreDataProperties.swift */,
				1DC9AB7A1DE8F723000EFA3A /* CoreDataStack.swift */,
				1DC9AB6F1DE8E93F000EFA3A /* Model.xcdatamodeld */,
			);
			name = Models;
			sourceTree = "<group>";
		};
		1DD0090A1DD1C7CA0035B928 /* ViewControllers */ = {
			isa = PBXGroup;
			children = (
				1DC9AB841DE90273000EFA3A /* CoreDataTableViewController.swift */,
				1DC1656C1DF1953D00E357F6 /* Settings.swift */,
				1DD009061DD1B2DC0035B928 /* UsersCollectionViewController.swift */,
				1DD009081DD1C54D0035B928 /* UsersCollectionViewCell.swift */,
				1DBF38691DD0822D00E5406A /* SignUpViewController.swift */,
				1D0611FE1DC491F300720E82 /* SignInViewController.swift */,
				1DD0090B1DD1C8230035B928 /* SettingViewController.swift */,
				1D87E1221DD472F8003E819B /* UserProfileViewController.swift */,
				1D817B8A1DDFBC9E00309161 /* ChatViewController.swift */,
				1DCAF8491DE2F1EA00F844E3 /* ChatTableViewCell.swift */,
				1D0612001DC4A18100720E82 /* MessageViewController.swift */,
				1D5B5C4E1DF431C3003C0D07 /* MessageTableViewCell.swift */,
			);
			name = ViewControllers;
			sourceTree = "<group>";
		};
		77F8BA837A60897DFB9A91B0 /* Frameworks */ = {
			isa = PBXGroup;
			children = (
				1DB5DA4B1DCD4CB600842664 /* CoreLocation.framework */,
				22D49F28285E9AFAD3062020 /* Pods_StanByMe.framework */,
			);
			name = Frameworks;
			sourceTree = "<group>";
		};
		AF8F732DCE2BDF4A6EA1A72D /* Pods */ = {
			isa = PBXGroup;
			children = (
				027821B985831093DDBDCC6A /* Pods-StanByMe.debug.xcconfig */,
				EE3425D57ADB101131646143 /* Pods-StanByMe.release.xcconfig */,
			);
			name = Pods;
			sourceTree = "<group>";
		};
/* End PBXGroup section */

/* Begin PBXNativeTarget section */
		1D0611E01DC4748000720E82 /* StanByMe */ = {
			isa = PBXNativeTarget;
			buildConfigurationList = 1D0611F31DC4748000720E82 /* Build configuration list for PBXNativeTarget "StanByMe" */;
			buildPhases = (
				A19E996EA6F6C0674C45796F /* [CP] Check Pods Manifest.lock */,
				1D0611DD1DC4748000720E82 /* Sources */,
				1D0611DE1DC4748000720E82 /* Frameworks */,
				1D0611DF1DC4748000720E82 /* Resources */,
				91BD564A488009D16E89519E /* [CP] Embed Pods Frameworks */,
				6D0B2E519A845F073FF9D9E6 /* [CP] Copy Pods Resources */,
			);
			buildRules = (
			);
			dependencies = (
			);
			name = StanByMe;
			productName = StanByMe;
			productReference = 1D0611E11DC4748000720E82 /* StanByMe.app */;
			productType = "com.apple.product-type.application";
		};
/* End PBXNativeTarget section */

/* Begin PBXProject section */
		1D0611D91DC4748000720E82 /* Project object */ = {
			isa = PBXProject;
			attributes = {
				LastSwiftUpdateCheck = 0800;
				LastUpgradeCheck = 0800;
				ORGANIZATIONNAME = "Stanley Darmawan";
				TargetAttributes = {
					1D0611E01DC4748000720E82 = {
						CreatedOnToolsVersion = 8.0;
						LastSwiftMigration = 0800;
						ProvisioningStyle = Automatic;
					};
				};
			};
			buildConfigurationList = 1D0611DC1DC4748000720E82 /* Build configuration list for PBXProject "StanByMe" */;
			compatibilityVersion = "Xcode 3.2";
			developmentRegion = English;
			hasScannedForEncodings = 0;
			knownRegions = (
				en,
				Base,
			);
			mainGroup = 1D0611D81DC4748000720E82;
			productRefGroup = 1D0611E21DC4748000720E82 /* Products */;
			projectDirPath = "";
			projectRoot = "";
			targets = (
				1D0611E01DC4748000720E82 /* StanByMe */,
			);
		};
/* End PBXProject section */

/* Begin PBXResourcesBuildPhase section */
		1D0611DF1DC4748000720E82 /* Resources */ = {
			isa = PBXResourcesBuildPhase;
			buildActionMask = 2147483647;
			files = (
				1D0611EF1DC4748000720E82 /* LaunchScreen.storyboard in Resources */,
				1D0611F71DC4781400720E82 /* GoogleService-Info.plist in Resources */,
				1D0611EC1DC4748000720E82 /* Assets.xcassets in Resources */,
				1D0611EA1DC4748000720E82 /* Main.storyboard in Resources */,
			);
			runOnlyForDeploymentPostprocessing = 0;
		};
/* End PBXResourcesBuildPhase section */

/* Begin PBXShellScriptBuildPhase section */
		6D0B2E519A845F073FF9D9E6 /* [CP] Copy Pods Resources */ = {
			isa = PBXShellScriptBuildPhase;
			buildActionMask = 2147483647;
			files = (
			);
			inputPaths = (
			);
			name = "[CP] Copy Pods Resources";
			outputPaths = (
			);
			runOnlyForDeploymentPostprocessing = 0;
			shellPath = /bin/sh;
			shellScript = "\"${SRCROOT}/Pods/Target Support Files/Pods-StanByMe/Pods-StanByMe-resources.sh\"\n";
			showEnvVarsInLog = 0;
		};
		91BD564A488009D16E89519E /* [CP] Embed Pods Frameworks */ = {
			isa = PBXShellScriptBuildPhase;
			buildActionMask = 2147483647;
			files = (
			);
			inputPaths = (
			);
			name = "[CP] Embed Pods Frameworks";
			outputPaths = (
			);
			runOnlyForDeploymentPostprocessing = 0;
			shellPath = /bin/sh;
			shellScript = "\"${SRCROOT}/Pods/Target Support Files/Pods-StanByMe/Pods-StanByMe-frameworks.sh\"\n";
			showEnvVarsInLog = 0;
		};
		A19E996EA6F6C0674C45796F /* [CP] Check Pods Manifest.lock */ = {
			isa = PBXShellScriptBuildPhase;
			buildActionMask = 2147483647;
			files = (
			);
			inputPaths = (
			);
			name = "[CP] Check Pods Manifest.lock";
			outputPaths = (
			);
			runOnlyForDeploymentPostprocessing = 0;
			shellPath = /bin/sh;
			shellScript = "diff \"${PODS_ROOT}/../Podfile.lock\" \"${PODS_ROOT}/Manifest.lock\" > /dev/null\nif [[ $? != 0 ]] ; then\n    cat << EOM\nerror: The sandbox is not in sync with the Podfile.lock. Run 'pod install' or update your CocoaPods installation.\nEOM\n    exit 1\nfi\n";
			showEnvVarsInLog = 0;
		};
/* End PBXShellScriptBuildPhase section */

/* Begin PBXSourcesBuildPhase section */
		1D0611DD1DC4748000720E82 /* Sources */ = {
			isa = PBXSourcesBuildPhase;
			buildActionMask = 2147483647;
			files = (
				1D0611F91DC47ED700720E82 /* AppState.swift in Sources */,
				1D6D1ACD1DC9F2B200375810 /* GFGeoHash.m in Sources */,
				1DD0090C1DD1C8230035B928 /* SettingViewController.swift in Sources */,
				1DC9AB851DE90273000EFA3A /* CoreDataTableViewController.swift in Sources */,
				1DCAF84A1DE2F1EA00F844E3 /* ChatTableViewCell.swift in Sources */,
				1D6D1ACF1DC9F2B200375810 /* GFQuery.m in Sources */,
				1D87E1231DD472F8003E819B /* UserProfileViewController.swift in Sources */,
				1D0611E51DC4748000720E82 /* AppDelegate.swift in Sources */,
				1DC9AB711DE8E93F000EFA3A /* Model.xcdatamodeld in Sources */,
				1D0611FF1DC491F300720E82 /* SignInViewController.swift in Sources */,
				1D0612011DC4A18100720E82 /* MessageViewController.swift in Sources */,
				1D5B5C4F1DF431C3003C0D07 /* MessageTableViewCell.swift in Sources */,
				1DC1656F1DF1953D00E357F6 /* Settings+CoreDataProperties.swift in Sources */,
				1D6D1ACB1DC9F2B200375810 /* GeoFire.m in Sources */,
				1DC9AB7B1DE8F723000EFA3A /* CoreDataStack.swift in Sources */,
				1DD009091DD1C54D0035B928 /* UsersCollectionViewCell.swift in Sources */,
				1D0611FB1DC47EE900720E82 /* Constants.swift in Sources */,
				1DC1655E1DF1852F00E357F6 /* Chat.swift in Sources */,
				1DC1656E1DF1953D00E357F6 /* Settings.swift in Sources */,
				1D817B8B1DDFBC9E00309161 /* ChatViewController.swift in Sources */,
				1DC9AB921DE93CF2000EFA3A /* Message.swift in Sources */,
				1D6D1ACE1DC9F2B200375810 /* GFGeoHashQuery.m in Sources */,
				1DBF386A1DD0822D00E5406A /* SignUpViewController.swift in Sources */,
				1D6D1ACC1DC9F2B200375810 /* GFBase32Utils.m in Sources */,
				1DC1655F1DF1852F00E357F6 /* Chat+CoreDataProperties.swift in Sources */,
				1DC9AB931DE93CF2000EFA3A /* Message+CoreDataProperties.swift in Sources */,
				1DD009071DD1B2DC0035B928 /* UsersCollectionViewController.swift in Sources */,
			);
			runOnlyForDeploymentPostprocessing = 0;
		};
/* End PBXSourcesBuildPhase section */

/* Begin PBXVariantGroup section */
		1D0611E81DC4748000720E82 /* Main.storyboard */ = {
			isa = PBXVariantGroup;
			children = (
				1D0611E91DC4748000720E82 /* Base */,
			);
			name = Main.storyboard;
			sourceTree = "<group>";
		};
		1D0611ED1DC4748000720E82 /* LaunchScreen.storyboard */ = {
			isa = PBXVariantGroup;
			children = (
				1D0611EE1DC4748000720E82 /* Base */,
			);
			name = LaunchScreen.storyboard;
			sourceTree = "<group>";
		};
/* End PBXVariantGroup section */

/* Begin XCBuildConfiguration section */
		1D0611F11DC4748000720E82 /* Debug */ = {
			isa = XCBuildConfiguration;
			buildSettings = {
				ALWAYS_SEARCH_USER_PATHS = NO;
				CLANG_ANALYZER_NONNULL = YES;
				CLANG_CXX_LANGUAGE_STANDARD = "gnu++0x";
				CLANG_CXX_LIBRARY = "libc++";
				CLANG_ENABLE_MODULES = YES;
				CLANG_ENABLE_OBJC_ARC = YES;
				CLANG_WARN_BOOL_CONVERSION = YES;
				CLANG_WARN_CONSTANT_CONVERSION = YES;
				CLANG_WARN_DIRECT_OBJC_ISA_USAGE = YES_ERROR;
				CLANG_WARN_DOCUMENTATION_COMMENTS = YES;
				CLANG_WARN_EMPTY_BODY = YES;
				CLANG_WARN_ENUM_CONVERSION = YES;
				CLANG_WARN_INFINITE_RECURSION = YES;
				CLANG_WARN_INT_CONVERSION = YES;
				CLANG_WARN_OBJC_ROOT_CLASS = YES_ERROR;
				CLANG_WARN_SUSPICIOUS_MOVES = YES;
				CLANG_WARN_UNREACHABLE_CODE = YES;
				CLANG_WARN__DUPLICATE_METHOD_MATCH = YES;
				"CODE_SIGN_IDENTITY[sdk=iphoneos*]" = "iPhone Developer";
				COPY_PHASE_STRIP = NO;
				DEBUG_INFORMATION_FORMAT = dwarf;
				ENABLE_STRICT_OBJC_MSGSEND = YES;
				ENABLE_TESTABILITY = YES;
				GCC_C_LANGUAGE_STANDARD = gnu99;
				GCC_DYNAMIC_NO_PIC = NO;
				GCC_NO_COMMON_BLOCKS = YES;
				GCC_OPTIMIZATION_LEVEL = 0;
				GCC_PREPROCESSOR_DEFINITIONS = (
					"DEBUG=1",
					"$(inherited)",
				);
				GCC_WARN_64_TO_32_BIT_CONVERSION = YES;
				GCC_WARN_ABOUT_RETURN_TYPE = YES_ERROR;
				GCC_WARN_UNDECLARED_SELECTOR = YES;
				GCC_WARN_UNINITIALIZED_AUTOS = YES_AGGRESSIVE;
				GCC_WARN_UNUSED_FUNCTION = YES;
				GCC_WARN_UNUSED_VARIABLE = YES;
				IPHONEOS_DEPLOYMENT_TARGET = 10.0;
				MTL_ENABLE_DEBUG_INFO = YES;
				ONLY_ACTIVE_ARCH = YES;
				SDKROOT = iphoneos;
				SWIFT_ACTIVE_COMPILATION_CONDITIONS = DEBUG;
				SWIFT_OPTIMIZATION_LEVEL = "-Onone";
				TARGETED_DEVICE_FAMILY = "1,2";
			};
			name = Debug;
		};
		1D0611F21DC4748000720E82 /* Release */ = {
			isa = XCBuildConfiguration;
			buildSettings = {
				ALWAYS_SEARCH_USER_PATHS = NO;
				CLANG_ANALYZER_NONNULL = YES;
				CLANG_CXX_LANGUAGE_STANDARD = "gnu++0x";
				CLANG_CXX_LIBRARY = "libc++";
				CLANG_ENABLE_MODULES = YES;
				CLANG_ENABLE_OBJC_ARC = YES;
				CLANG_WARN_BOOL_CONVERSION = YES;
				CLANG_WARN_CONSTANT_CONVERSION = YES;
				CLANG_WARN_DIRECT_OBJC_ISA_USAGE = YES_ERROR;
				CLANG_WARN_DOCUMENTATION_COMMENTS = YES;
				CLANG_WARN_EMPTY_BODY = YES;
				CLANG_WARN_ENUM_CONVERSION = YES;
				CLANG_WARN_INFINITE_RECURSION = YES;
				CLANG_WARN_INT_CONVERSION = YES;
				CLANG_WARN_OBJC_ROOT_CLASS = YES_ERROR;
				CLANG_WARN_SUSPICIOUS_MOVES = YES;
				CLANG_WARN_UNREACHABLE_CODE = YES;
				CLANG_WARN__DUPLICATE_METHOD_MATCH = YES;
				"CODE_SIGN_IDENTITY[sdk=iphoneos*]" = "iPhone Developer";
				COPY_PHASE_STRIP = NO;
				DEBUG_INFORMATION_FORMAT = "dwarf-with-dsym";
				ENABLE_NS_ASSERTIONS = NO;
				ENABLE_STRICT_OBJC_MSGSEND = YES;
				GCC_C_LANGUAGE_STANDARD = gnu99;
				GCC_NO_COMMON_BLOCKS = YES;
				GCC_WARN_64_TO_32_BIT_CONVERSION = YES;
				GCC_WARN_ABOUT_RETURN_TYPE = YES_ERROR;
				GCC_WARN_UNDECLARED_SELECTOR = YES;
				GCC_WARN_UNINITIALIZED_AUTOS = YES_AGGRESSIVE;
				GCC_WARN_UNUSED_FUNCTION = YES;
				GCC_WARN_UNUSED_VARIABLE = YES;
				IPHONEOS_DEPLOYMENT_TARGET = 10.0;
				MTL_ENABLE_DEBUG_INFO = NO;
				SDKROOT = iphoneos;
				SWIFT_OPTIMIZATION_LEVEL = "-Owholemodule";
				TARGETED_DEVICE_FAMILY = "1,2";
				VALIDATE_PRODUCT = YES;
			};
			name = Release;
		};
		1D0611F41DC4748000720E82 /* Debug */ = {
			isa = XCBuildConfiguration;
			baseConfigurationReference = 027821B985831093DDBDCC6A /* Pods-StanByMe.debug.xcconfig */;
			buildSettings = {
				ASSETCATALOG_COMPILER_APPICON_NAME = AppIcon;
				CLANG_ENABLE_MODULES = YES;
				INFOPLIST_FILE = StanByMe/Info.plist;
				IPHONEOS_DEPLOYMENT_TARGET = 9.1;
				LD_RUNPATH_SEARCH_PATHS = "$(inherited) @executable_path/Frameworks";
				PRODUCT_BUNDLE_IDENTIFIER = com.stanmation.StanByMe;
				PRODUCT_NAME = "$(TARGET_NAME)";
				SWIFT_OBJC_BRIDGING_HEADER = "StanByMe/StanByMe-Bridging-Header.h";
				SWIFT_OPTIMIZATION_LEVEL = "-Onone";
				SWIFT_VERSION = 3.0;
			};
			name = Debug;
		};
		1D0611F51DC4748000720E82 /* Release */ = {
			isa = XCBuildConfiguration;
			baseConfigurationReference = EE3425D57ADB101131646143 /* Pods-StanByMe.release.xcconfig */;
			buildSettings = {
				ASSETCATALOG_COMPILER_APPICON_NAME = AppIcon;
				CLANG_ENABLE_MODULES = YES;
				INFOPLIST_FILE = StanByMe/Info.plist;
				IPHONEOS_DEPLOYMENT_TARGET = 9.1;
				LD_RUNPATH_SEARCH_PATHS = "$(inherited) @executable_path/Frameworks";
				PRODUCT_BUNDLE_IDENTIFIER = com.stanmation.StanByMe;
				PRODUCT_NAME = "$(TARGET_NAME)";
				SWIFT_OBJC_BRIDGING_HEADER = "StanByMe/StanByMe-Bridging-Header.h";
				SWIFT_VERSION = 3.0;
			};
			name = Release;
		};
/* End XCBuildConfiguration section */

/* Begin XCConfigurationList section */
		1D0611DC1DC4748000720E82 /* Build configuration list for PBXProject "StanByMe" */ = {
			isa = XCConfigurationList;
			buildConfigurations = (
				1D0611F11DC4748000720E82 /* Debug */,
				1D0611F21DC4748000720E82 /* Release */,
			);
			defaultConfigurationIsVisible = 0;
			defaultConfigurationName = Release;
		};
		1D0611F31DC4748000720E82 /* Build configuration list for PBXNativeTarget "StanByMe" */ = {
			isa = XCConfigurationList;
			buildConfigurations = (
				1D0611F41DC4748000720E82 /* Debug */,
				1D0611F51DC4748000720E82 /* Release */,
			);
			defaultConfigurationIsVisible = 0;
			defaultConfigurationName = Release;
		};
/* End XCConfigurationList section */

/* Begin XCVersionGroup section */
		1DC9AB6F1DE8E93F000EFA3A /* Model.xcdatamodeld */ = {
			isa = XCVersionGroup;
			children = (
				1DC9AB701DE8E93F000EFA3A /* Model.xcdatamodel */,
			);
			currentVersion = 1DC9AB701DE8E93F000EFA3A /* Model.xcdatamodel */;
			path = Model.xcdatamodeld;
			sourceTree = "<group>";
			versionGroupType = wrapper.xcdatamodel;
		};
/* End XCVersionGroup section */
	};
	rootObject = 1D0611D91DC4748000720E82 /* Project object */;
}
